// !$*UTF8*$!
{
	archiveVersion = 1;
	classes = {
	};
	objectVersion = 46;
	objects = {

/* Begin PBXBuildFile section */
		8A4386061C85631D004C24B8 /* main.m in Sources */ = {isa = PBXBuildFile; fileRef = 8A4386051C85631D004C24B8 /* main.m */; };
		8A4386091C85631D004C24B8 /* AppDelegate.m in Sources */ = {isa = PBXBuildFile; fileRef = 8A4386081C85631D004C24B8 /* AppDelegate.m */; };
		8A4386111C85631D004C24B8 /* Assets.xcassets in Resources */ = {isa = PBXBuildFile; fileRef = 8A4386101C85631D004C24B8 /* Assets.xcassets */; };
		8A4386141C85631D004C24B8 /* LaunchScreen.storyboard in Resources */ = {isa = PBXBuildFile; fileRef = 8A4386121C85631D004C24B8 /* LaunchScreen.storyboard */; };
		8A43861F1C85631E004C24B8 /* LLMenuControllerTests.m in Sources */ = {isa = PBXBuildFile; fileRef = 8A43861E1C85631E004C24B8 /* LLMenuControllerTests.m */; };
		8A43862A1C85631E004C24B8 /* LLMenuControllerUITests.m in Sources */ = {isa = PBXBuildFile; fileRef = 8A4386291C85631E004C24B8 /* LLMenuControllerUITests.m */; };
		8A43863A1C856370004C24B8 /* LLMenuController.m in Sources */ = {isa = PBXBuildFile; fileRef = 8A4386391C856370004C24B8 /* LLMenuController.m */; };
		8A43863D1C856386004C24B8 /* ViewController.m in Sources */ = {isa = PBXBuildFile; fileRef = 8A43863C1C856386004C24B8 /* ViewController.m */; };
		8A4386401C85652D004C24B8 /* TitleScrollView.m in Sources */ = {isa = PBXBuildFile; fileRef = 8A43863F1C85652D004C24B8 /* TitleScrollView.m */; };
		8A4386431C857754004C24B8 /* ContentScroll.m in Sources */ = {isa = PBXBuildFile; fileRef = 8A4386421C857754004C24B8 /* ContentScroll.m */; };
/* End PBXBuildFile section */

/* Begin PBXContainerItemProxy section */
		8A43861B1C85631E004C24B8 /* PBXContainerItemProxy */ = {
			isa = PBXContainerItemProxy;
			containerPortal = 8A4385F91C85631D004C24B8 /* Project object */;
			proxyType = 1;
			remoteGlobalIDString = 8A4386001C85631D004C24B8;
			remoteInfo = LLMenuController;
		};
		8A4386261C85631E004C24B8 /* PBXContainerItemProxy */ = {
			isa = PBXContainerItemProxy;
			containerPortal = 8A4385F91C85631D004C24B8 /* Project object */;
			proxyType = 1;
			remoteGlobalIDString = 8A4386001C85631D004C24B8;
			remoteInfo = LLMenuController;
		};
/* End PBXContainerItemProxy section */

/* Begin PBXFileReference section */
		8A4386011C85631D004C24B8 /* LLMenuController.app */ = {isa = PBXFileReference; explicitFileType = wrapper.application; includeInIndex = 0; path = LLMenuController.app; sourceTree = BUILT_PRODUCTS_DIR; };
		8A4386051C85631D004C24B8 /* main.m */ = {isa = PBXFileReference; lastKnownFileType = sourcecode.c.objc; path = main.m; sourceTree = "<group>"; };
		8A4386071C85631D004C24B8 /* AppDelegate.h */ = {isa = PBXFileReference; lastKnownFileType = sourcecode.c.h; path = AppDelegate.h; sourceTree = "<group>"; };
		8A4386081C85631D004C24B8 /* AppDelegate.m */ = {isa = PBXFileReference; lastKnownFileType = sourcecode.c.objc; path = AppDelegate.m; sourceTree = "<group>"; };
		8A4386101C85631D004C24B8 /* Assets.xcassets */ = {isa = PBXFileReference; lastKnownFileType = folder.assetcatalog; path = Assets.xcassets; sourceTree = "<group>"; };
		8A4386131C85631D004C24B8 /* Base */ = {isa = PBXFileReference; lastKnownFileType = file.storyboard; name = Base; path = Base.lproj/LaunchScreen.storyboard; sourceTree = "<group>"; };
		8A4386151C85631D004C24B8 /* Info.plist */ = {isa = PBXFileReference; lastKnownFileType = text.plist.xml; path = Info.plist; sourceTree = "<group>"; };
		8A43861A1C85631E004C24B8 /* LLMenuController.xctest */ = {isa = PBXFileReference; explicitFileType = wrapper.cfbundle; includeInIndex = 0; path = LLMenuController.xctest; sourceTree = BUILT_PRODUCTS_DIR; };
		8A43861E1C85631E004C24B8 /* LLMenuControllerTests.m */ = {isa = PBXFileReference; lastKnownFileType = sourcecode.c.objc; path = LLMenuControllerTests.m; sourceTree = "<group>"; };
		8A4386201C85631E004C24B8 /* Info.plist */ = {isa = PBXFileReference; lastKnownFileType = text.plist.xml; path = Info.plist; sourceTree = "<group>"; };
		8A4386251C85631E004C24B8 /* LLMenuController.xctest */ = {isa = PBXFileReference; explicitFileType = wrapper.cfbundle; includeInIndex = 0; path = LLMenuController.xctest; sourceTree = BUILT_PRODUCTS_DIR; };
		8A4386291C85631E004C24B8 /* LLMenuControllerUITests.m */ = {isa = PBXFileReference; lastKnownFileType = sourcecode.c.objc; path = LLMenuControllerUITests.m; sourceTree = "<group>"; };
		8A43862B1C85631E004C24B8 /* Info.plist */ = {isa = PBXFileReference; lastKnownFileType = text.plist.xml; path = Info.plist; sourceTree = "<group>"; };
		8A4386381C856370004C24B8 /* LLMenuController.h */ = {isa = PBXFileReference; fileEncoding = 4; lastKnownFileType = sourcecode.c.h; path = LLMenuController.h; sourceTree = "<group>"; };
		8A4386391C856370004C24B8 /* LLMenuController.m */ = {isa = PBXFileReference; fileEncoding = 4; lastKnownFileType = sourcecode.c.objc; path = LLMenuController.m; sourceTree = "<group>"; };
		8A43863B1C856386004C24B8 /* ViewController.h */ = {isa = PBXFileReference; fileEncoding = 4; lastKnownFileType = sourcecode.c.h; path = ViewController.h; sourceTree = "<group>"; };
		8A43863C1C856386004C24B8 /* ViewController.m */ = {isa = PBXFileReference; fileEncoding = 4; lastKnownFileType = sourcecode.c.objc; path = ViewController.m; sourceTree = "<group>"; };
		8A43863E1C85652D004C24B8 /* TitleScrollView.h */ = {isa = PBXFileReference; fileEncoding = 4; lastKnownFileType = sourcecode.c.h; path = TitleScrollView.h; sourceTree = "<group>"; };
		8A43863F1C85652D004C24B8 /* TitleScrollView.m */ = {isa = PBXFileReference; fileEncoding = 4; lastKnownFileType = sourcecode.c.objc; path = TitleScrollView.m; sourceTree = "<group>"; };
		8A4386411C857754004C24B8 /* ContentScroll.h */ = {isa = PBXFileReference; fileEncoding = 4; lastKnownFileType = sourcecode.c.h; path = ContentScroll.h; sourceTree = "<group>"; };
		8A4386421C857754004C24B8 /* ContentScroll.m */ = {isa = PBXFileReference; fileEncoding = 4; lastKnownFileType = sourcecode.c.objc; path = ContentScroll.m; sourceTree = "<group>"; };
/* End PBXFileReference section */

/* Begin PBXFrameworksBuildPhase section */
		8A4385FE1C85631D004C24B8 /* Frameworks */ = {
			isa = PBXFrameworksBuildPhase;
			buildActionMask = 2147483647;
			files = (
			);
			runOnlyForDeploymentPostprocessing = 0;
		};
		8A4386171C85631E004C24B8 /* Frameworks */ = {
			isa = PBXFrameworksBuildPhase;
			buildActionMask = 2147483647;
			files = (
			);
			runOnlyForDeploymentPostprocessing = 0;
		};
		8A4386221C85631E004C24B8 /* Frameworks */ = {
			isa = PBXFrameworksBuildPhase;
			buildActionMask = 2147483647;
			files = (
			);
			runOnlyForDeploymentPostprocessing = 0;
		};
/* End PBXFrameworksBuildPhase section */

/* Begin PBXGroup section */
		8A4385F81C85631D004C24B8 = {
			isa = PBXGroup;
			children = (
				8A4386371C85634E004C24B8 /* MenuController */,
				8A4386031C85631D004C24B8 /* LLMenuController */,
				8A43861D1C85631E004C24B8 /* LLMenuControllerTests */,
				8A4386281C85631E004C24B8 /* LLMenuControllerUITests */,
				8A4386021C85631D004C24B8 /* Products */,
			);
			sourceTree = "<group>";
		};
		8A4386021C85631D004C24B8 /* Products */ = {
			isa = PBXGroup;
			children = (
				8A4386011C85631D004C24B8 /* LLMenuController.app */,
				8A43861A1C85631E004C24B8 /* LLMenuController.xctest */,
				8A4386251C85631E004C24B8 /* LLMenuController.xctest */,
			);
			name = Products;
			sourceTree = "<group>";
		};
		8A4386031C85631D004C24B8 /* LLMenuController */ = {
			isa = PBXGroup;
			children = (
				8A43863B1C856386004C24B8 /* ViewController.h */,
				8A43863C1C856386004C24B8 /* ViewController.m */,
				8A4386071C85631D004C24B8 /* AppDelegate.h */,
				8A4386081C85631D004C24B8 /* AppDelegate.m */,
				8A4386101C85631D004C24B8 /* Assets.xcassets */,
				8A4386121C85631D004C24B8 /* LaunchScreen.storyboard */,
				8A4386151C85631D004C24B8 /* Info.plist */,
				8A4386041C85631D004C24B8 /* Supporting Files */,
			);
			path = LLMenuController;
			sourceTree = "<group>";
		};
		8A4386041C85631D004C24B8 /* Supporting Files */ = {
			isa = PBXGroup;
			children = (
				8A4386051C85631D004C24B8 /* main.m */,
			);
			name = "Supporting Files";
			sourceTree = "<group>";
		};
		8A43861D1C85631E004C24B8 /* LLMenuControllerTests */ = {
			isa = PBXGroup;
			children = (
				8A43861E1C85631E004C24B8 /* LLMenuControllerTests.m */,
				8A4386201C85631E004C24B8 /* Info.plist */,
			);
			path = LLMenuControllerTests;
			sourceTree = "<group>";
		};
		8A4386281C85631E004C24B8 /* LLMenuControllerUITests */ = {
			isa = PBXGroup;
			children = (
				8A4386291C85631E004C24B8 /* LLMenuControllerUITests.m */,
				8A43862B1C85631E004C24B8 /* Info.plist */,
			);
			path = LLMenuControllerUITests;
			sourceTree = "<group>";
		};
		8A4386371C85634E004C24B8 /* MenuController */ = {
			isa = PBXGroup;
			children = (
				8A4386381C856370004C24B8 /* LLMenuController.h */,
				8A4386391C856370004C24B8 /* LLMenuController.m */,
				8A43863E1C85652D004C24B8 /* TitleScrollView.h */,
				8A43863F1C85652D004C24B8 /* TitleScrollView.m */,
				8A4386411C857754004C24B8 /* ContentScroll.h */,
				8A4386421C857754004C24B8 /* ContentScroll.m */,
			);
			name = MenuController;
			sourceTree = "<group>";
		};
/* End PBXGroup section */

/* Begin PBXNativeTarget section */
		8A4386001C85631D004C24B8 /* LLMenuController */ = {
			isa = PBXNativeTarget;
			buildConfigurationList = 8A43862E1C85631E004C24B8 /* Build configuration list for PBXNativeTarget "LLMenuController" */;
			buildPhases = (
				8A4385FD1C85631D004C24B8 /* Sources */,
				8A4385FE1C85631D004C24B8 /* Frameworks */,
				8A4385FF1C85631D004C24B8 /* Resources */,
			);
			buildRules = (
			);
			dependencies = (
			);
			name = LLMenuController;
			productName = LLMenuController;
			productReference = 8A4386011C85631D004C24B8 /* LLMenuController.app */;
			productType = "com.apple.product-type.application";
		};
		8A4386191C85631E004C24B8 /* LLMenuControllerTests */ = {
			isa = PBXNativeTarget;
			buildConfigurationList = 8A4386311C85631E004C24B8 /* Build configuration list for PBXNativeTarget "LLMenuControllerTests" */;
			buildPhases = (
				8A4386161C85631E004C24B8 /* Sources */,
				8A4386171C85631E004C24B8 /* Frameworks */,
				8A4386181C85631E004C24B8 /* Resources */,
			);
			buildRules = (
			);
			dependencies = (
				8A43861C1C85631E004C24B8 /* PBXTargetDependency */,
			);
			name = LLMenuControllerTests;
			productName = LLMenuControllerTests;
			productReference = 8A43861A1C85631E004C24B8 /* LLMenuController.xctest */;
			productType = "com.apple.product-type.bundle.unit-test";
		};
		8A4386241C85631E004C24B8 /* LLMenuControllerUITests */ = {
			isa = PBXNativeTarget;
			buildConfigurationList = 8A4386341C85631E004C24B8 /* Build configuration list for PBXNativeTarget "LLMenuControllerUITests" */;
			buildPhases = (
				8A4386211C85631E004C24B8 /* Sources */,
				8A4386221C85631E004C24B8 /* Frameworks */,
				8A4386231C85631E004C24B8 /* Resources */,
			);
			buildRules = (
			);
			dependencies = (
				8A4386271C85631E004C24B8 /* PBXTargetDependency */,
			);
			name = LLMenuControllerUITests;
			productName = LLMenuControllerUITests;
			productReference = 8A4386251C85631E004C24B8 /* LLMenuController.xctest */;
			productType = "com.apple.product-type.bundle.ui-testing";
		};
/* End PBXNativeTarget section */

/* Begin PBXProject section */
		8A4385F91C85631D004C24B8 /* Project object */ = {
			isa = PBXProject;
			attributes = {
				LastUpgradeCheck = 0710;
				ORGANIZATIONNAME = AnarL;
				TargetAttributes = {
					8A4386001C85631D004C24B8 = {
						CreatedOnToolsVersion = 7.1.1;
					};
					8A4386191C85631E004C24B8 = {
						CreatedOnToolsVersion = 7.1.1;
						TestTargetID = 8A4386001C85631D004C24B8;
					};
					8A4386241C85631E004C24B8 = {
						CreatedOnToolsVersion = 7.1.1;
						TestTargetID = 8A4386001C85631D004C24B8;
					};
				};
			};
			buildConfigurationList = 8A4385FC1C85631D004C24B8 /* Build configuration list for PBXProject "LLMenuController" */;
			compatibilityVersion = "Xcode 3.2";
			developmentRegion = English;
			hasScannedForEncodings = 0;
			knownRegions = (
				en,
				Base,
			);
			mainGroup = 8A4385F81C85631D004C24B8;
			productRefGroup = 8A4386021C85631D004C24B8 /* Products */;
			projectDirPath = "";
			projectRoot = "";
			targets = (
				8A4386001C85631D004C24B8 /* LLMenuController */,
				8A4386191C85631E004C24B8 /* LLMenuControllerTests */,
				8A4386241C85631E004C24B8 /* LLMenuControllerUITests */,
			);
		};
/* End PBXProject section */

/* Begin PBXResourcesBuildPhase section */
		8A4385FF1C85631D004C24B8 /* Resources */ = {
			isa = PBXResourcesBuildPhase;
			buildActionMask = 2147483647;
			files = (
				8A4386141C85631D004C24B8 /* LaunchScreen.storyboard in Resources */,
				8A4386111C85631D004C24B8 /* Assets.xcassets in Resources */,
			);
			runOnlyForDeploymentPostprocessing = 0;
		};
		8A4386181C85631E004C24B8 /* Resources */ = {
			isa = PBXResourcesBuildPhase;
			buildActionMask = 2147483647;
			files = (
			);
			runOnlyForDeploymentPostprocessing = 0;
		};
		8A4386231C85631E004C24B8 /* Resources */ = {
			isa = PBXResourcesBuildPhase;
			buildActionMask = 2147483647;
			files = (
			);
			runOnlyForDeploymentPostprocessing = 0;
		};
/* End PBXResourcesBuildPhase section */

/* Begin PBXSourcesBuildPhase section */
		8A4385FD1C85631D004C24B8 /* Sources */ = {
			isa = PBXSourcesBuildPhase;
			buildActionMask = 2147483647;
			files = (
				8A4386401C85652D004C24B8 /* TitleScrollView.m in Sources */,
				8A4386091C85631D004C24B8 /* AppDelegate.m in Sources */,
				8A43863A1C856370004C24B8 /* LLMenuController.m in Sources */,
				8A43863D1C856386004C24B8 /* ViewController.m in Sources */,
				8A4386431C857754004C24B8 /* ContentScroll.m in Sources */,
				8A4386061C85631D004C24B8 /* main.m in Sources */,
			);
			runOnlyForDeploymentPostprocessing = 0;
		};
		8A4386161C85631E004C24B8 /* Sources */ = {
			isa = PBXSourcesBuildPhase;
			buildActionMask = 2147483647;
			files = (
				8A43861F1C85631E004C24B8 /* LLMenuControllerTests.m in Sources */,
			);
			runOnlyForDeploymentPostprocessing = 0;
		};
		8A4386211C85631E004C24B8 /* Sources */ = {
			isa = PBXSourcesBuildPhase;
			buildActionMask = 2147483647;
			files = (
				8A43862A1C85631E004C24B8 /* LLMenuControllerUITests.m in Sources */,
			);
			runOnlyForDeploymentPostprocessing = 0;
		};
/* End PBXSourcesBuildPhase section */

/* Begin PBXTargetDependency section */
		8A43861C1C85631E004C24B8 /* PBXTargetDependency */ = {
			isa = PBXTargetDependency;
			target = 8A4386001C85631D004C24B8 /* LLMenuController */;
			targetProxy = 8A43861B1C85631E004C24B8 /* PBXContainerItemProxy */;
		};
		8A4386271C85631E004C24B8 /* PBXTargetDependency */ = {
			isa = PBXTargetDependency;
			target = 8A4386001C85631D004C24B8 /* LLMenuController */;
			targetProxy = 8A4386261C85631E004C24B8 /* PBXContainerItemProxy */;
		};
/* End PBXTargetDependency section */

/* Begin PBXVariantGroup section */
		8A4386121C85631D004C24B8 /* LaunchScreen.storyboard */ = {
			isa = PBXVariantGroup;
			children = (
				8A4386131C85631D004C24B8 /* Base */,
			);
			name = LaunchScreen.storyboard;
			sourceTree = "<group>";
		};
/* End PBXVariantGroup section */

/* Begin XCBuildConfiguration section */
		8A43862C1C85631E004C24B8 /* Debug */ = {
			isa = XCBuildConfiguration;
			buildSettings = {
				ALWAYS_SEARCH_USER_PATHS = NO;
				CLANG_CXX_LANGUAGE_STANDARD = "gnu++0x";
				CLANG_CXX_LIBRARY = "libc++";
				CLANG_ENABLE_MODULES = YES;
				CLANG_ENABLE_OBJC_ARC = YES;
				CLANG_WARN_BOOL_CONVERSION = YES;
				CLANG_WARN_CONSTANT_CONVERSION = YES;
				CLANG_WARN_DIRECT_OBJC_ISA_USAGE = YES_ERROR;
				CLANG_WARN_EMPTY_BODY = YES;
				CLANG_WARN_ENUM_CONVERSION = YES;
				CLANG_WARN_INT_CONVERSION = YES;
				CLANG_WARN_OBJC_ROOT_CLASS = YES_ERROR;
				CLANG_WARN_UNREACHABLE_CODE = YES;
				CLANG_WARN__DUPLICATE_METHOD_MATCH = YES;
				"CODE_SIGN_IDENTITY[sdk=iphoneos*]" = "iPhone Developer";
				COPY_PHASE_STRIP = NO;
				DEBUG_INFORMATION_FORMAT = dwarf;
				ENABLE_STRICT_OBJC_MSGSEND = YES;
				ENABLE_TESTABILITY = YES;
				GCC_C_LANGUAGE_STANDARD = gnu99;
				GCC_DYNAMIC_NO_PIC = NO;
				GCC_NO_COMMON_BLOCKS = YES;
				GCC_OPTIMIZATION_LEVEL = 0;
				GCC_PREPROCESSOR_DEFINITIONS = (
					"DEBUG=1",
					"$(inherited)",
				);
				GCC_WARN_64_TO_32_BIT_CONVERSION = YES;
				GCC_WARN_ABOUT_RETURN_TYPE = YES_ERROR;
				GCC_WARN_UNDECLARED_SELECTOR = YES;
				GCC_WARN_UNINITIALIZED_AUTOS = YES_AGGRESSIVE;
				GCC_WARN_UNUSED_FUNCTION = YES;
				GCC_WARN_UNUSED_VARIABLE = YES;
				IPHONEOS_DEPLOYMENT_TARGET = 9.1;
				MTL_ENABLE_DEBUG_INFO = YES;
				ONLY_ACTIVE_ARCH = YES;
				SDKROOT = iphoneos;
			};
			name = Debug;
		};
		8A43862D1C85631E004C24B8 /* Release */ = {
			isa = XCBuildConfiguration;
			buildSettings = {
				ALWAYS_SEARCH_USER_PATHS = NO;
				CLANG_CXX_LANGUAGE_STANDARD = "gnu++0x";
				CLANG_CXX_LIBRARY = "libc++";
				CLANG_ENABLE_MODULES = YES;
				CLANG_ENABLE_OBJC_ARC = YES;
				CLANG_WARN_BOOL_CONVERSION = YES;
				CLANG_WARN_CONSTANT_CONVERSION = YES;
				CLANG_WARN_DIRECT_OBJC_ISA_USAGE = YES_ERROR;
				CLANG_WARN_EMPTY_BODY = YES;
				CLANG_WARN_ENUM_CONVERSION = YES;
				CLANG_WARN_INT_CONVERSION = YES;
				CLANG_WARN_OBJC_ROOT_CLASS = YES_ERROR;
				CLANG_WARN_UNREACHABLE_CODE = YES;
				CLANG_WARN__DUPLICATE_METHOD_MATCH = YES;
				"CODE_SIGN_IDENTITY[sdk=iphoneos*]" = "iPhone Developer";
				COPY_PHASE_STRIP = NO;
				DEBUG_INFORMATION_FORMAT = "dwarf-with-dsym";
				ENABLE_NS_ASSERTIONS = NO;
				ENABLE_STRICT_OBJC_MSGSEND = YES;
				GCC_C_LANGUAGE_STANDARD = gnu99;
				GCC_NO_COMMON_BLOCKS = YES;
				GCC_WARN_64_TO_32_BIT_CONVERSION = YES;
				GCC_WARN_ABOUT_RETURN_TYPE = YES_ERROR;
				GCC_WARN_UNDECLARED_SELECTOR = YES;
				GCC_WARN_UNINITIALIZED_AUTOS = YES_AGGRESSIVE;
				GCC_WARN_UNUSED_FUNCTION = YES;
				GCC_WARN_UNUSED_VARIABLE = YES;
				IPHONEOS_DEPLOYMENT_TARGET = 9.1;
				MTL_ENABLE_DEBUG_INFO = NO;
				SDKROOT = iphoneos;
				VALIDATE_PRODUCT = YES;
			};
			name = Release;
		};
		8A43862F1C85631E004C24B8 /* Debug */ = {
			isa = XCBuildConfiguration;
			buildSettings = {
				ASSETCATALOG_COMPILER_APPICON_NAME = AppIcon;
				INFOPLIST_FILE = LLMenuController/Info.plist;
				IPHONEOS_DEPLOYMENT_TARGET = 8.1;
				LD_RUNPATH_SEARCH_PATHS = "$(inherited) @executable_path/Frameworks";
				PRODUCT_BUNDLE_IDENTIFIER = com.Digiarty.LLMenuController;
				PRODUCT_NAME = LLMenuController;
			};
			name = Debug;
		};
		8A4386301C85631E004C24B8 /* Release */ = {
			isa = XCBuildConfiguration;
			buildSettings = {
				ASSETCATALOG_COMPILER_APPICON_NAME = AppIcon;
				INFOPLIST_FILE = LLMenuController/Info.plist;
				IPHONEOS_DEPLOYMENT_TARGET = 8.1;
				LD_RUNPATH_SEARCH_PATHS = "$(inherited) @executable_path/Frameworks";
				PRODUCT_BUNDLE_IDENTIFIER = com.Digiarty.LLMenuController;
				PRODUCT_NAME = LLMenuController;
			};
			name = Release;
		};
		8A4386321C85631E004C24B8 /* Debug */ = {
			isa = XCBuildConfiguration;
			buildSettings = {
				BUNDLE_LOADER = "$(TEST_HOST)";
				INFOPLIST_FILE = LLMenuControllerTests/Info.plist;
				LD_RUNPATH_SEARCH_PATHS = "$(inherited) @executable_path/Frameworks @loader_path/Frameworks";
				PRODUCT_BUNDLE_IDENTIFIER = com.Digiarty.LLMenuControllerTests;
				PRODUCT_NAME = LLMenuController;
				TEST_HOST = "$(BUILT_PRODUCTS_DIR)/LLMenuController.app/LLMenuController";
			};
			name = Debug;
		};
		8A4386331C85631E004C24B8 /* Release */ = {
			isa = XCBuildConfiguration;
			buildSettings = {
				BUNDLE_LOADER = "$(TEST_HOST)";
				INFOPLIST_FILE = LLMenuControllerTests/Info.plist;
				LD_RUNPATH_SEARCH_PATHS = "$(inherited) @executable_path/Frameworks @loader_path/Frameworks";
				PRODUCT_BUNDLE_IDENTIFIER = com.Digiarty.LLMenuControllerTests;
				PRODUCT_NAME = LLMenuController;
				TEST_HOST = "$(BUILT_PRODUCTS_DIR)/LLMenuController.app/LLMenuController";
			};
			name = Release;
		};
		8A4386351C85631E004C24B8 /* Debug */ = {
			isa = XCBuildConfiguration;
			buildSettings = {
				INFOPLIST_FILE = LLMenuControllerUITests/Info.plist;
				LD_RUNPATH_SEARCH_PATHS = "$(inherited) @executable_path/Frameworks @loader_path/Frameworks";
				PRODUCT_BUNDLE_IDENTIFIER = com.Digiarty.LLMenuControllerUITests;
				PRODUCT_NAME = LLMenuController;
				TEST_TARGET_NAME = LLMenuController;
				USES_XCTRUNNER = YES;
			};
			name = Debug;
		};
		8A4386361C85631E004C24B8 /* Release */ = {
			isa = XCBuildConfiguration;
			buildSettings = {
				INFOPLIST_FILE = LLMenuControllerUITests/Info.plist;
				LD_RUNPATH_SEARCH_PATHS = "$(inherited) @executable_path/Frameworks @loader_path/Frameworks";
				PRODUCT_BUNDLE_IDENTIFIER = com.Digiarty.LLMenuControllerUITests;
				PRODUCT_NAME = LLMenuController;
				TEST_TARGET_NAME = LLMenuController;
				USES_XCTRUNNER = YES;
			};
			name = Release;
		};
/* End XCBuildConfiguration section */

/* Begin XCConfigurationList section */
		8A4385FC1C85631D004C24B8 /* Build configuration list for PBXProject "LLMenuController" */ = {
			isa = XCConfigurationList;
			buildConfigurations = (
				8A43862C1C85631E004C24B8 /* Debug */,
				8A43862D1C85631E004C24B8 /* Release */,
			);
			defaultConfigurationIsVisible = 0;
			defaultConfigurationName = Release;
		};
		8A43862E1C85631E004C24B8 /* Build configuration list for PBXNativeTarget "LLMenuController" */ = {
			isa = XCConfigurationList;
			buildConfigurations = (
				8A43862F1C85631E004C24B8 /* Debug */,
				8A4386301C85631E004C24B8 /* Release */,
			);
			defaultConfigurationIsVisible = 0;
			defaultConfigurationName = Release;
		};
		8A4386311C85631E004C24B8 /* Build configuration list for PBXNativeTarget "LLMenuControllerTests" */ = {
			isa = XCConfigurationList;
			buildConfigurations = (
				8A4386321C85631E004C24B8 /* Debug */,
				8A4386331C85631E004C24B8 /* Release */,
			);
			defaultConfigurationIsVisible = 0;
			defaultConfigurationName = Release;
		};
		8A4386341C85631E004C24B8 /* Build configuration list for PBXNativeTarget "LLMenuControllerUITests" */ = {
			isa = XCConfigurationList;
			buildConfigurations = (
				8A4386351C85631E004C24B8 /* Debug */,
				8A4386361C85631E004C24B8 /* Release */,
			);
			defaultConfigurationIsVisible = 0;
			defaultConfigurationName = Release;
		};
/* End XCConfigurationList section */
	};
	rootObject = 8A4385F91C85631D004C24B8 /* Project object */;
}
